
Microsoft Visual Studio Solution File, Format Version 12.00
# Visual Studio 2013
VisualStudioVersion = 12.0.21005.1
MinimumVisualStudioVersion = 10.0.40219.1
Project("{8BC9CEB8-8B4A-11D0-8D11-00A0C91BC942}") = "Xli", "Xli\Xli.vcxproj", "{A805EC6C-B5BF-4961-8D34-97E99CB4EC1A}"
EndProject
Project("{8BC9CEB8-8B4A-11D0-8D11-00A0C91BC942}") = "XliAudio", "XliAudio\XliAudio.vcxproj", "{91165901-9291-4725-BD24-3592380ACFB8}"
EndProject
Project("{8BC9CEB8-8B4A-11D0-8D11-00A0C91BC942}") = "XliHttp", "XliHttp\XliHttp.vcxproj", "{082D0826-4155-45C4-ADD3-17F74D6B2F38}"
EndProject
Project("{8BC9CEB8-8B4A-11D0-8D11-00A0C91BC942}") = "XliMain", "XliMain\XliMain.vcxproj", "{3A5BB45A-C834-4C2A-B462-DD4234540694}"
EndProject
Project("{8BC9CEB8-8B4A-11D0-8D11-00A0C91BC942}") = "XliMedia", "XliMedia\XliMedia.vcxproj", "{6CC93668-D7E5-4C46-87E2-26BCB0717D17}"
EndProject
Project("{8BC9CEB8-8B4A-11D0-8D11-00A0C91BC942}") = "XliGL", "XliGL\XliGL.vcxproj", "{8B366290-AA69-44A8-82D0-1061E08597C7}"
EndProject
Global
	GlobalSection(SolutionConfigurationPlatforms) = preSolution
		Debug|Win32 = Debug|Win32
		Debug|x64 = Debug|x64
		Release|Win32 = Release|Win32
		Release|x64 = Release|x64
	EndGlobalSection
	GlobalSection(ProjectConfigurationPlatforms) = postSolution
		{A805EC6C-B5BF-4961-8D34-97E99CB4EC1A}.Debug|Win32.ActiveCfg = Debug|Win32
		{A805EC6C-B5BF-4961-8D34-97E99CB4EC1A}.Debug|Win32.Build.0 = Debug|Win32
		{A805EC6C-B5BF-4961-8D34-97E99CB4EC1A}.Debug|x64.ActiveCfg = Debug|x64
		{A805EC6C-B5BF-4961-8D34-97E99CB4EC1A}.Debug|x64.Build.0 = Debug|x64
		{A805EC6C-B5BF-4961-8D34-97E99CB4EC1A}.Release|Win32.ActiveCfg = Release|Win32
		{A805EC6C-B5BF-4961-8D34-97E99CB4EC1A}.Release|Win32.Build.0 = Release|Win32
		{A805EC6C-B5BF-4961-8D34-97E99CB4EC1A}.Release|x64.ActiveCfg = Release|x64
		{A805EC6C-B5BF-4961-8D34-97E99CB4EC1A}.Release|x64.Build.0 = Release|x64
		{91165901-9291-4725-BD24-3592380ACFB8}.Debug|Win32.ActiveCfg = Debug|Win32
		{91165901-9291-4725-BD24-3592380ACFB8}.Debug|Win32.Build.0 = Debug|Win32
		{91165901-9291-4725-BD24-3592380ACFB8}.Debug|x64.ActiveCfg = Debug|x64
		{91165901-9291-4725-BD24-3592380ACFB8}.Debug|x64.Build.0 = Debug|x64
		{91165901-9291-4725-BD24-3592380ACFB8}.Release|Win32.ActiveCfg = Release|Win32
		{91165901-9291-4725-BD24-3592380ACFB8}.Release|Win32.Build.0 = Release|Win32
		{91165901-9291-4725-BD24-3592380ACFB8}.Release|x64.ActiveCfg = Release|x64
		{91165901-9291-4725-BD24-3592380ACFB8}.Release|x64.Build.0 = Release|x64
		{082D0826-4155-45C4-ADD3-17F74D6B2F38}.Debug|Win32.ActiveCfg = Debug|Win32
		{082D0826-4155-45C4-ADD3-17F74D6B2F38}.Debug|Win32.Build.0 = Debug|Win32
		{082D0826-4155-45C4-ADD3-17F74D6B2F38}.Debug|x64.ActiveCfg = Debug|x64
		{082D0826-4155-45C4-ADD3-17F74D6B2F38}.Debug|x64.Build.0 = Debug|x64
		{082D0826-4155-45C4-ADD3-17F74D6B2F38}.Release|Win32.ActiveCfg = Release|Win32
		{082D0826-4155-45C4-ADD3-17F74D6B2F38}.Release|Win32.Build.0 = Release|Win32
		{082D0826-4155-45C4-ADD3-17F74D6B2F38}.Release|x64.ActiveCfg = Release|x64
		{082D0826-4155-45C4-ADD3-17F74D6B2F38}.Release|x64.Build.0 = Release|x64
		{3A5BB45A-C834-4C2A-B462-DD4234540694}.Debug|Win32.ActiveCfg = Debug|Win32
		{3A5BB45A-C834-4C2A-B462-DD4234540694}.Debug|Win32.Build.0 = Debug|Win32
		{3A5BB45A-C834-4C2A-B462-DD4234540694}.Debug|x64.ActiveCfg = Debug|x64
		{3A5BB45A-C834-4C2A-B462-DD4234540694}.Debug|x64.Build.0 = Debug|x64
		{3A5BB45A-C834-4C2A-B462-DD4234540694}.Release|Win32.ActiveCfg = Release|Win32
		{3A5BB45A-C834-4C2A-B462-DD4234540694}.Release|Win32.Build.0 = Release|Win32
		{3A5BB45A-C834-4C2A-B462-DD4234540694}.Release|x64.ActiveCfg = Release|x64
		{3A5BB45A-C834-4C2A-B462-DD4234540694}.Release|x64.Build.0 = Release|x64
		{6CC93668-D7E5-4C46-87E2-26BCB0717D17}.Debug|Win32.ActiveCfg = Debug|Win32
		{6CC93668-D7E5-4C46-87E2-26BCB0717D17}.Debug|Win32.Build.0 = Debug|Win32
		{6CC93668-D7E5-4C46-87E2-26BCB0717D17}.Debug|x64.ActiveCfg = Debug|x64
		{6CC93668-D7E5-4C46-87E2-26BCB0717D17}.Debug|x64.Build.0 = Debug|x64
		{6CC93668-D7E5-4C46-87E2-26BCB0717D17}.Release|Win32.ActiveCfg = Release|Win32
		{6CC93668-D7E5-4C46-87E2-26BCB0717D17}.Release|Win32.Build.0 = Release|Win32
		{6CC93668-D7E5-4C46-87E2-26BCB0717D17}.Release|x64.ActiveCfg = Release|x64
		{6CC93668-D7E5-4C46-87E2-26BCB0717D17}.Release|x64.Build.0 = Release|x64
		{8B366290-AA69-44A8-82D0-1061E08597C7}.Debug|Win32.ActiveCfg = Debug|Win32
		{8B366290-AA69-44A8-82D0-1061E08597C7}.Debug|Win32.Build.0 = Debug|Win32
		{8B366290-AA69-44A8-82D0-1061E08597C7}.Debug|x64.ActiveCfg = Debug|x64
		{8B366290-AA69-44A8-82D0-1061E08597C7}.Debug|x64.Build.0 = Debug|x64
		{8B366290-AA69-44A8-82D0-1061E08597C7}.Release|Win32.ActiveCfg = Release|Win32
		{8B366290-AA69-44A8-82D0-1061E08597C7}.Release|Win32.Build.0 = Release|Win32
		{8B366290-AA69-44A8-82D0-1061E08597C7}.Release|x64.ActiveCfg = Release|x64
		{8B366290-AA69-44A8-82D0-1061E08597C7}.Release|x64.Build.0 = Release|x64
	EndGlobalSection
	GlobalSection(SolutionProperties) = preSolution
		HideSolutionNode = FALSE
	EndGlobalSection
EndGlobal
