<?xml version="1.0" encoding="utf-8"?>
<Project ToolsVersion="4.0" xmlns="http://schemas.microsoft.com/developer/msbuild/2003">
  <ItemGroup>
    <Filter Include="XliGraphics">
      <UniqueIdentifier>{397018bb-cf35-4a71-a30b-980c695f08c0}</UniqueIdentifier>
    </Filter>
    <Filter Include="XliGraphics\Textures">
      <UniqueIdentifier>{a65f26df-8848-428b-99ed-8181fc6ebfc2}</UniqueIdentifier>
    </Filter>
    <Filter Include="XliGraphics\SceneGraph">
      <UniqueIdentifier>{44eeec9b-bd75-473c-82d0-58fe48e5590e}</UniqueIdentifier>
    </Filter>
    <Filter Include="XliGraphics\Text">
      <UniqueIdentifier>{3866d48b-ce32-4aea-8ce8-9ebb8bf16331}</UniqueIdentifier>
    </Filter>
    <Filter Include="XliGraphics\Textures\Compression">
      <UniqueIdentifier>{d76e59ef-771d-4449-a458-27a888a9de6f}</UniqueIdentifier>
    </Filter>
  </ItemGroup>
  <ItemGroup>
    <ClInclude Include="..\..\..\include\XliGraphics.h" />
    <ClInclude Include="..\..\..\include\XliGraphics\Scene.h">
      <Filter>XliGraphics\SceneGraph</Filter>
    </ClInclude>
    <ClInclude Include="..\..\..\include\XliGraphics\PsgReader.h">
      <Filter>XliGraphics\SceneGraph</Filter>
    </ClInclude>
    <ClInclude Include="..\..\..\include\XliGraphics\PsgWriter.h">
      <Filter>XliGraphics\SceneGraph</Filter>
    </ClInclude>
    <ClInclude Include="..\..\..\include\XliGraphics\Parameter.h">
      <Filter>XliGraphics\SceneGraph</Filter>
    </ClInclude>
    <ClInclude Include="..\..\..\include\XliGraphics\Mesh.h">
      <Filter>XliGraphics\SceneGraph</Filter>
    </ClInclude>
    <ClInclude Include="..\..\..\include\XliGraphics\GeometrySpline.h">
      <Filter>XliGraphics\SceneGraph</Filter>
    </ClInclude>
    <ClInclude Include="..\..\..\include\XliGraphics\ArrayBuffer.h">
      <Filter>XliGraphics\SceneGraph</Filter>
    </ClInclude>
    <ClInclude Include="..\..\..\include\XliGraphics\SpriteFont.h">
      <Filter>XliGraphics\Text</Filter>
    </ClInclude>
    <ClInclude Include="..\..\..\include\XliGraphics\BitmapFont.h">
      <Filter>XliGraphics\Text</Filter>
    </ClInclude>
    <ClInclude Include="..\..\..\include\XliGraphics\PrimitiveType.h">
      <Filter>XliGraphics\SceneGraph</Filter>
    </ClInclude>
    <ClInclude Include="..\..\..\include\XliGraphics\BitmapFontBuilder.h">
      <Filter>XliGraphics\Text</Filter>
    </ClInclude>
    <ClInclude Include="..\..\..\include\XliGraphics\Semantic.h">
      <Filter>XliGraphics\SceneGraph</Filter>
    </ClInclude>
    <ClInclude Include="..\..\..\include\XliGraphics\Texture.h">
      <Filter>XliGraphics\Textures</Filter>
    </ClInclude>
    <ClInclude Include="..\..\..\include\XliGraphics\Ktx.h">
      <Filter>XliGraphics\Textures\Compression</Filter>
    </ClInclude>
    <ClInclude Include="..\..\..\include\XliGraphics\CompressedImage.h">
      <Filter>XliGraphics\Textures\Compression</Filter>
    </ClInclude>
    <ClInclude Include="..\..\..\include\XliGraphics\Atlas.h">
      <Filter>XliGraphics\Textures</Filter>
    </ClInclude>
    <ClInclude Include="..\..\..\include\XliGraphics\AtlasBuilder.h">
      <Filter>XliGraphics\Textures</Filter>
    </ClInclude>
  </ItemGroup>
  <ItemGroup>
    <ClCompile Include="..\..\..\src\graphics\PsgReader.cpp">
      <Filter>XliGraphics\SceneGraph</Filter>
    </ClCompile>
    <ClCompile Include="..\..\..\src\graphics\PsgWriter.cpp">
      <Filter>XliGraphics\SceneGraph</Filter>
    </ClCompile>
    <ClCompile Include="..\..\..\src\graphics\ArrayBuffer.cpp">
      <Filter>XliGraphics\SceneGraph</Filter>
    </ClCompile>
    <ClCompile Include="..\..\..\src\graphics\SpriteFont.cpp">
      <Filter>XliGraphics\Text</Filter>
    </ClCompile>
    <ClCompile Include="..\..\..\src\graphics\BitmapFont.cpp">
      <Filter>XliGraphics\Text</Filter>
    </ClCompile>
    <ClCompile Include="..\..\..\src\graphics\BitmapFontBuilder.cpp">
      <Filter>XliGraphics\Text</Filter>
    </ClCompile>
    <ClCompile Include="..\..\..\src\graphics\Semantic.cpp">
      <Filter>XliGraphics\SceneGraph</Filter>
    </ClCompile>
    <ClCompile Include="..\..\..\src\graphics\Mesh.cpp">
      <Filter>XliGraphics\SceneGraph</Filter>
    </ClCompile>
    <ClCompile Include="..\..\..\src\graphics\Texture.cpp">
      <Filter>XliGraphics\Textures</Filter>
    </ClCompile>
    <ClCompile Include="..\..\..\src\graphics\Ktx.cpp">
      <Filter>XliGraphics\Textures\Compression</Filter>
    </ClCompile>
    <ClCompile Include="..\..\..\src\graphics\Parameter.cpp">
      <Filter>XliGraphics\SceneGraph</Filter>
    </ClCompile>
    <ClCompile Include="..\..\..\src\graphics\CompressedImage.cpp">
      <Filter>XliGraphics\Textures\Compression</Filter>
    </ClCompile>
    <ClCompile Include="..\..\..\src\graphics\Atlas.cpp">
      <Filter>XliGraphics\Textures</Filter>
    </ClCompile>
    <ClCompile Include="..\..\..\src\graphics\AtlasBuilder.cpp">
      <Filter>XliGraphics\Textures</Filter>
    </ClCompile>
  </ItemGroup>
  <ItemGroup>
    <None Include="..\..\..\src\graphics\CMakeLists.txt" />
  </ItemGroup>
</Project>