
Microsoft Visual Studio Solution File, Format Version 11.00
# Visual Studio 2010
Project("{8BC9CEB8-8B4A-11D0-8D11-00A0C91BC942}") = "XliMedia", "Media\Media.vcxproj", "{6CC93668-D7E5-4C46-87E2-26BCB0717D17}"
	ProjectSection(ProjectDependencies) = postProject
		{A805EC6C-B5BF-4961-8D34-97E99CB4EC1A} = {A805EC6C-B5BF-4961-8D34-97E99CB4EC1A}
	EndProjectSection
EndProject
Project("{8BC9CEB8-8B4A-11D0-8D11-00A0C91BC942}") = "Xli", "StdLib\StdLib.vcxproj", "{A805EC6C-B5BF-4961-8D34-97E99CB4EC1A}"
EndProject
Project("{8BC9CEB8-8B4A-11D0-8D11-00A0C91BC942}") = "XliMain", "Main\XliMain.vcxproj", "{3A5BB45A-C834-4C2A-B462-DD4234540694}"
	ProjectSection(ProjectDependencies) = postProject
		{A805EC6C-B5BF-4961-8D34-97E99CB4EC1A} = {A805EC6C-B5BF-4961-8D34-97E99CB4EC1A}
	EndProjectSection
EndProject
Project("{8BC9CEB8-8B4A-11D0-8D11-00A0C91BC942}") = "XliSound", "Sound\Sound.vcxproj", "{91165901-9291-4725-BD24-3592380ACFB8}"
	ProjectSection(ProjectDependencies) = postProject
		{A805EC6C-B5BF-4961-8D34-97E99CB4EC1A} = {A805EC6C-B5BF-4961-8D34-97E99CB4EC1A}
	EndProjectSection
EndProject
Global
	GlobalSection(SolutionConfigurationPlatforms) = preSolution
		Debug|Win32 = Debug|Win32
		Debug|x64 = Debug|x64
		Release MT|Win32 = Release MT|Win32
		Release MT|x64 = Release MT|x64
		Release|Win32 = Release|Win32
		Release|x64 = Release|x64
	EndGlobalSection
	GlobalSection(ProjectConfigurationPlatforms) = postSolution
		{6CC93668-D7E5-4C46-87E2-26BCB0717D17}.Debug|Win32.ActiveCfg = Debug|Win32
		{6CC93668-D7E5-4C46-87E2-26BCB0717D17}.Debug|Win32.Build.0 = Debug|Win32
		{6CC93668-D7E5-4C46-87E2-26BCB0717D17}.Debug|x64.ActiveCfg = Debug|x64
		{6CC93668-D7E5-4C46-87E2-26BCB0717D17}.Debug|x64.Build.0 = Debug|x64
		{6CC93668-D7E5-4C46-87E2-26BCB0717D17}.Release MT|Win32.ActiveCfg = Release MT|Win32
		{6CC93668-D7E5-4C46-87E2-26BCB0717D17}.Release MT|Win32.Build.0 = Release MT|Win32
		{6CC93668-D7E5-4C46-87E2-26BCB0717D17}.Release MT|x64.ActiveCfg = Release MT|x64
		{6CC93668-D7E5-4C46-87E2-26BCB0717D17}.Release MT|x64.Build.0 = Release MT|x64
		{6CC93668-D7E5-4C46-87E2-26BCB0717D17}.Release|Win32.ActiveCfg = Release|Win32
		{6CC93668-D7E5-4C46-87E2-26BCB0717D17}.Release|Win32.Build.0 = Release|Win32
		{6CC93668-D7E5-4C46-87E2-26BCB0717D17}.Release|x64.ActiveCfg = Release|x64
		{6CC93668-D7E5-4C46-87E2-26BCB0717D17}.Release|x64.Build.0 = Release|x64
		{A805EC6C-B5BF-4961-8D34-97E99CB4EC1A}.Debug|Win32.ActiveCfg = Debug|Win32
		{A805EC6C-B5BF-4961-8D34-97E99CB4EC1A}.Debug|Win32.Build.0 = Debug|Win32
		{A805EC6C-B5BF-4961-8D34-97E99CB4EC1A}.Debug|x64.ActiveCfg = Debug|x64
		{A805EC6C-B5BF-4961-8D34-97E99CB4EC1A}.Debug|x64.Build.0 = Debug|x64
		{A805EC6C-B5BF-4961-8D34-97E99CB4EC1A}.Release MT|Win32.ActiveCfg = Release MT|Win32
		{A805EC6C-B5BF-4961-8D34-97E99CB4EC1A}.Release MT|Win32.Build.0 = Release MT|Win32
		{A805EC6C-B5BF-4961-8D34-97E99CB4EC1A}.Release MT|x64.ActiveCfg = Release MT|x64
		{A805EC6C-B5BF-4961-8D34-97E99CB4EC1A}.Release MT|x64.Build.0 = Release MT|x64
		{A805EC6C-B5BF-4961-8D34-97E99CB4EC1A}.Release|Win32.ActiveCfg = Release|Win32
		{A805EC6C-B5BF-4961-8D34-97E99CB4EC1A}.Release|Win32.Build.0 = Release|Win32
		{A805EC6C-B5BF-4961-8D34-97E99CB4EC1A}.Release|x64.ActiveCfg = Release|x64
		{A805EC6C-B5BF-4961-8D34-97E99CB4EC1A}.Release|x64.Build.0 = Release|x64
		{3A5BB45A-C834-4C2A-B462-DD4234540694}.Debug|Win32.ActiveCfg = Debug|Win32
		{3A5BB45A-C834-4C2A-B462-DD4234540694}.Debug|Win32.Build.0 = Debug|Win32
		{3A5BB45A-C834-4C2A-B462-DD4234540694}.Debug|x64.ActiveCfg = Debug|x64
		{3A5BB45A-C834-4C2A-B462-DD4234540694}.Debug|x64.Build.0 = Debug|x64
		{3A5BB45A-C834-4C2A-B462-DD4234540694}.Release MT|Win32.ActiveCfg = Release MT|Win32
		{3A5BB45A-C834-4C2A-B462-DD4234540694}.Release MT|Win32.Build.0 = Release MT|Win32
		{3A5BB45A-C834-4C2A-B462-DD4234540694}.Release MT|x64.ActiveCfg = Release MT|x64
		{3A5BB45A-C834-4C2A-B462-DD4234540694}.Release MT|x64.Build.0 = Release MT|x64
		{3A5BB45A-C834-4C2A-B462-DD4234540694}.Release|Win32.ActiveCfg = Release|Win32
		{3A5BB45A-C834-4C2A-B462-DD4234540694}.Release|Win32.Build.0 = Release|Win32
		{3A5BB45A-C834-4C2A-B462-DD4234540694}.Release|x64.ActiveCfg = Release|x64
		{3A5BB45A-C834-4C2A-B462-DD4234540694}.Release|x64.Build.0 = Release|x64
		{91165901-9291-4725-BD24-3592380ACFB8}.Debug|Win32.ActiveCfg = Debug|Win32
		{91165901-9291-4725-BD24-3592380ACFB8}.Debug|Win32.Build.0 = Debug|Win32
		{91165901-9291-4725-BD24-3592380ACFB8}.Debug|x64.ActiveCfg = Debug|x64
		{91165901-9291-4725-BD24-3592380ACFB8}.Debug|x64.Build.0 = Debug|x64
		{91165901-9291-4725-BD24-3592380ACFB8}.Release MT|Win32.ActiveCfg = Release MT|Win32
		{91165901-9291-4725-BD24-3592380ACFB8}.Release MT|Win32.Build.0 = Release MT|Win32
		{91165901-9291-4725-BD24-3592380ACFB8}.Release MT|x64.ActiveCfg = Release MT|x64
		{91165901-9291-4725-BD24-3592380ACFB8}.Release MT|x64.Build.0 = Release MT|x64
		{91165901-9291-4725-BD24-3592380ACFB8}.Release|Win32.ActiveCfg = Release|Win32
		{91165901-9291-4725-BD24-3592380ACFB8}.Release|Win32.Build.0 = Release|Win32
		{91165901-9291-4725-BD24-3592380ACFB8}.Release|x64.ActiveCfg = Release|x64
		{91165901-9291-4725-BD24-3592380ACFB8}.Release|x64.Build.0 = Release|x64
	EndGlobalSection
	GlobalSection(SolutionProperties) = preSolution
		HideSolutionNode = FALSE
	EndGlobalSection
EndGlobal
