<?xml version="1.0" encoding="utf-8"?>
<Project ToolsVersion="4.0" xmlns="http://schemas.microsoft.com/developer/msbuild/2003">
  <ItemGroup>
    <Filter Include="XliAudio">
      <UniqueIdentifier>{69070eb8-98e3-4ca6-860b-00d5439eb43a}</UniqueIdentifier>
    </Filter>
    <Filter Include="3rdparty">
      <UniqueIdentifier>{d4047cbd-3210-4744-8b76-b864801f6633}</UniqueIdentifier>
    </Filter>
    <Filter Include="3rdparty\portaudio">
      <UniqueIdentifier>{d34ea176-ebef-433f-854a-f9cb16326631}</UniqueIdentifier>
    </Filter>
    <Filter Include="3rdparty\portaudio\common">
      <UniqueIdentifier>{f2d73c3a-903f-4740-8390-189dda10e8f0}</UniqueIdentifier>
    </Filter>
    <Filter Include="3rdparty\portaudio\hostapi">
      <UniqueIdentifier>{19501b45-a562-43b9-8a7d-ac13c875b0bf}</UniqueIdentifier>
    </Filter>
    <Filter Include="3rdparty\portaudio\os">
      <UniqueIdentifier>{95970115-fe1f-43e0-84bf-c297586e1c90}</UniqueIdentifier>
    </Filter>
    <Filter Include="XliAudio\portaudio">
      <UniqueIdentifier>{e16ad626-d2c5-4306-bc77-64239c359850}</UniqueIdentifier>
    </Filter>
    <Filter Include="XliAudio\opensles">
      <UniqueIdentifier>{a7e31580-421f-4cb2-b529-6d3060b5b7f5}</UniqueIdentifier>
    </Filter>
    <Filter Include="XliAudio\coreaudio">
      <UniqueIdentifier>{31a6c8cd-dbd3-412b-b215-ef0b3d72538c}</UniqueIdentifier>
    </Filter>
  </ItemGroup>
  <ItemGroup>
    <ClInclude Include="..\..\..\include\XliAudio.h" />
    <ClInclude Include="..\..\..\include\XliAudio\AudioBuffer.h">
      <Filter>XliAudio</Filter>
    </ClInclude>
    <ClInclude Include="..\..\..\include\XliAudio\AudioStream.h">
      <Filter>XliAudio</Filter>
    </ClInclude>
    <ClInclude Include="..\..\..\include\XliAudio\Wav.h">
      <Filter>XliAudio</Filter>
    </ClInclude>
    <ClInclude Include="..\..\..\include\XliAudio\SoundChannel.h">
      <Filter>XliAudio</Filter>
    </ClInclude>
    <ClInclude Include="..\..\..\include\XliAudio\Sound.h">
      <Filter>XliAudio</Filter>
    </ClInclude>
  </ItemGroup>
  <ItemGroup>
    <ClCompile Include="..\..\..\src\audio\3rdparty\portaudio\src\common\pa_allocation.c">
      <Filter>3rdparty\portaudio\common</Filter>
    </ClCompile>
    <ClCompile Include="..\..\..\src\audio\3rdparty\portaudio\src\common\pa_converters.c">
      <Filter>3rdparty\portaudio\common</Filter>
    </ClCompile>
    <ClCompile Include="..\..\..\src\audio\3rdparty\portaudio\src\common\pa_cpuload.c">
      <Filter>3rdparty\portaudio\common</Filter>
    </ClCompile>
    <ClCompile Include="..\..\..\src\audio\3rdparty\portaudio\src\common\pa_debugprint.c">
      <Filter>3rdparty\portaudio\common</Filter>
    </ClCompile>
    <ClCompile Include="..\..\..\src\audio\3rdparty\portaudio\src\common\pa_dither.c">
      <Filter>3rdparty\portaudio\common</Filter>
    </ClCompile>
    <ClCompile Include="..\..\..\src\audio\3rdparty\portaudio\src\common\pa_front.c">
      <Filter>3rdparty\portaudio\common</Filter>
    </ClCompile>
    <ClCompile Include="..\..\..\src\audio\3rdparty\portaudio\src\common\pa_process.c">
      <Filter>3rdparty\portaudio\common</Filter>
    </ClCompile>
    <ClCompile Include="..\..\..\src\audio\3rdparty\portaudio\src\common\pa_ringbuffer.c">
      <Filter>3rdparty\portaudio\common</Filter>
    </ClCompile>
    <ClCompile Include="..\..\..\src\audio\3rdparty\portaudio\src\common\pa_stream.c">
      <Filter>3rdparty\portaudio\common</Filter>
    </ClCompile>
    <ClCompile Include="..\..\..\src\audio\3rdparty\portaudio\src\common\pa_trace.c">
      <Filter>3rdparty\portaudio\common</Filter>
    </ClCompile>
    <ClCompile Include="..\..\..\src\audio\3rdparty\portaudio\src\hostapi\skeleton\pa_hostapi_skeleton.c">
      <Filter>3rdparty\portaudio\common</Filter>
    </ClCompile>
    <ClCompile Include="..\..\..\src\audio\3rdparty\portaudio\src\hostapi\dsound\pa_win_ds.c">
      <Filter>3rdparty\portaudio\hostapi</Filter>
    </ClCompile>
    <ClCompile Include="..\..\..\src\audio\3rdparty\portaudio\src\hostapi\wdmks\pa_win_wdmks.c">
      <Filter>3rdparty\portaudio\hostapi</Filter>
    </ClCompile>
    <ClCompile Include="..\..\..\src\audio\3rdparty\portaudio\src\hostapi\dsound\pa_win_ds_dynlink.c">
      <Filter>3rdparty\portaudio\hostapi</Filter>
    </ClCompile>
    <ClCompile Include="..\..\..\src\audio\3rdparty\portaudio\src\hostapi\wasapi\pa_win_wasapi.c">
      <Filter>3rdparty\portaudio\hostapi</Filter>
    </ClCompile>
    <ClCompile Include="..\..\..\src\audio\3rdparty\portaudio\src\hostapi\wmme\pa_win_wmme.c">
      <Filter>3rdparty\portaudio\hostapi</Filter>
    </ClCompile>
    <ClCompile Include="..\..\..\src\audio\3rdparty\portaudio\src\os\win\pa_x86_plain_converters.c">
      <Filter>3rdparty\portaudio\os</Filter>
    </ClCompile>
    <ClCompile Include="..\..\..\src\audio\3rdparty\portaudio\src\os\win\pa_win_hostapis.c">
      <Filter>3rdparty\portaudio\os</Filter>
    </ClCompile>
    <ClCompile Include="..\..\..\src\audio\3rdparty\portaudio\src\os\win\pa_win_util.c">
      <Filter>3rdparty\portaudio\os</Filter>
    </ClCompile>
    <ClCompile Include="..\..\..\src\audio\3rdparty\portaudio\src\os\win\pa_win_waveformat.c">
      <Filter>3rdparty\portaudio\os</Filter>
    </ClCompile>
    <ClCompile Include="..\..\..\src\audio\3rdparty\portaudio\src\os\win\pa_win_wdmks_utils.c">
      <Filter>3rdparty\portaudio\os</Filter>
    </ClCompile>
    <ClCompile Include="..\..\..\src\audio\AudioBuffer.cpp">
      <Filter>XliAudio</Filter>
    </ClCompile>
    <ClCompile Include="..\..\..\src\audio\Wav.cpp">
      <Filter>XliAudio</Filter>
    </ClCompile>
    <ClCompile Include="..\..\..\src\audio\AudioStream.cpp">
      <Filter>XliAudio</Filter>
    </ClCompile>
    <ClCompile Include="..\..\..\src\audio\Sound.cpp">
      <Filter>XliAudio</Filter>
    </ClCompile>
    <ClCompile Include="..\..\..\src\audio\SoundChannel.cpp">
      <Filter>XliAudio</Filter>
    </ClCompile>
    <ClCompile Include="..\..\..\src\audio\portaudio\PAAudioBuffer.cpp">
      <Filter>XliAudio\portaudio</Filter>
    </ClCompile>
    <ClCompile Include="..\..\..\src\audio\opensles\SlesSound.cpp">
      <Filter>XliAudio\opensles</Filter>
    </ClCompile>
    <ClCompile Include="..\..\..\src\audio\opensles\SlesSoundChannel.cpp">
      <Filter>XliAudio\opensles</Filter>
    </ClCompile>
  </ItemGroup>
  <ItemGroup>
    <None Include="..\..\..\src\audio\CMakeLists.txt" />
    <None Include="..\..\..\src\audio\coreaudio\CoreAudioSound.mm">
      <Filter>XliAudio\coreaudio</Filter>
    </None>
    <None Include="..\..\..\src\audio\coreaudio\CoreAudioSoundChannel.mm">
      <Filter>XliAudio\coreaudio</Filter>
    </None>
  </ItemGroup>
</Project>